
Microsoft Visual Studio Solution File, Format Version 12.00
# Visual Studio 15
VisualStudioVersion = 15.0.27428.2037
MinimumVisualStudioVersion = 10.0.40219.1
Project("{FAE04EC0-301F-11D3-BF4B-00C04F79EFBC}") = "HalloJoe.Text.Casing", "HalloJoe.Text.Casing\HalloJoe.Text.Casing.csproj", "{52665D68-0DB3-4F70-AB6D-FD4663C01722}"
EndProject
Project("{FAE04EC0-301F-11D3-BF4B-00C04F79EFBC}") = "UnitTestProject1", "UnitTestProject1\UnitTestProject1.csproj", "{2C3D6AE2-B7DB-401B-A018-CC1C87D51894}"
EndProject
Global
	GlobalSection(SolutionConfigurationPlatforms) = preSolution
		Debug|Any CPU = Debug|Any CPU
		Release|Any CPU = Release|Any CPU
	EndGlobalSection
	GlobalSection(ProjectConfigurationPlatforms) = postSolution
		{52665D68-0DB3-4F70-AB6D-FD4663C01722}.Debug|Any CPU.ActiveCfg = Debug|Any CPU
		{52665D68-0DB3-4F70-AB6D-FD4663C01722}.Debug|Any CPU.Build.0 = Debug|Any CPU
		{52665D68-0DB3-4F70-AB6D-FD4663C01722}.Release|Any CPU.ActiveCfg = Release|Any CPU
		{52665D68-0DB3-4F70-AB6D-FD4663C01722}.Release|Any CPU.Build.0 = Release|Any CPU
		{2C3D6AE2-B7DB-401B-A018-CC1C87D51894}.Debug|Any CPU.ActiveCfg = Debug|Any CPU
		{2C3D6AE2-B7DB-401B-A018-CC1C87D51894}.Debug|Any CPU.Build.0 = Debug|Any CPU
		{2C3D6AE2-B7DB-401B-A018-CC1C87D51894}.Release|Any CPU.ActiveCfg = Release|Any CPU
		{2C3D6AE2-B7DB-401B-A018-CC1C87D51894}.Release|Any CPU.Build.0 = Release|Any CPU
	EndGlobalSection
	GlobalSection(SolutionProperties) = preSolution
		HideSolutionNode = FALSE
	EndGlobalSection
	GlobalSection(ExtensibilityGlobals) = postSolution
		SolutionGuid = {FF3ED46E-B2D9-4236-8C60-2846FE5F1C72}
	EndGlobalSection
EndGlobal
